
Microsoft Visual Studio Solution File, Format Version 12.00
# Visual Studio Version 17
VisualStudioVersion = 17.10.35013.160
MinimumVisualStudioVersion = 10.0.40219.1
Project("{E53339B2-1760-4266-BCC7-CA923CBCF16C}") = "docker-compose", "docker-compose.dcproj", "{9B63C7C7-BDB8-4AB4-AE8B-113C306EA7A3}"
EndProject
Project("{FAE04EC0-301F-11D3-BF4B-00C04F79EFBC}") = "Consumer.API", "Consumer.API\Consumer.API.csproj", "{D447089D-0EFE-49FB-91B5-04DFF74399DD}"
EndProject
Project("{FAE04EC0-301F-11D3-BF4B-00C04F79EFBC}") = "Producer.API", "Producer.API\Producer.API.csproj", "{07C8A613-35F7-41ED-B9E3-5A531BF518FF}"
EndProject
Global
	GlobalSection(SolutionConfigurationPlatforms) = preSolution
		Debug|Any CPU = Debug|Any CPU
		Release|Any CPU = Release|Any CPU
	EndGlobalSection
	GlobalSection(ProjectConfigurationPlatforms) = postSolution
		{9B63C7C7-BDB8-4AB4-AE8B-113C306EA7A3}.Debug|Any CPU.ActiveCfg = Debug|Any CPU
		{9B63C7C7-BDB8-4AB4-AE8B-113C306EA7A3}.Debug|Any CPU.Build.0 = Debug|Any CPU
		{9B63C7C7-BDB8-4AB4-AE8B-113C306EA7A3}.Release|Any CPU.ActiveCfg = Release|Any CPU
		{9B63C7C7-BDB8-4AB4-AE8B-113C306EA7A3}.Release|Any CPU.Build.0 = Release|Any CPU
		{D447089D-0EFE-49FB-91B5-04DFF74399DD}.Debug|Any CPU.ActiveCfg = Debug|Any CPU
		{D447089D-0EFE-49FB-91B5-04DFF74399DD}.Debug|Any CPU.Build.0 = Debug|Any CPU
		{D447089D-0EFE-49FB-91B5-04DFF74399DD}.Release|Any CPU.ActiveCfg = Release|Any CPU
		{D447089D-0EFE-49FB-91B5-04DFF74399DD}.Release|Any CPU.Build.0 = Release|Any CPU
		{07C8A613-35F7-41ED-B9E3-5A531BF518FF}.Debug|Any CPU.ActiveCfg = Debug|Any CPU
		{07C8A613-35F7-41ED-B9E3-5A531BF518FF}.Debug|Any CPU.Build.0 = Debug|Any CPU
		{07C8A613-35F7-41ED-B9E3-5A531BF518FF}.Release|Any CPU.ActiveCfg = Release|Any CPU
		{07C8A613-35F7-41ED-B9E3-5A531BF518FF}.Release|Any CPU.Build.0 = Release|Any CPU
	EndGlobalSection
	GlobalSection(SolutionProperties) = preSolution
		HideSolutionNode = FALSE
	EndGlobalSection
	GlobalSection(ExtensibilityGlobals) = postSolution
		SolutionGuid = {110CB298-27BD-4197-ACE5-0EF1119F0634}
	EndGlobalSection
EndGlobal
